// !$*UTF8*$!
{
	archiveVersion = 1;
	classes = {
	};
	objectVersion = 56;
	objects = {

/* Begin PBXBuildFile section */
		3E386E822939919400133DA5 /* Devote_mainApp.swift in Sources */ = {isa = PBXBuildFile; fileRef = 3E386E812939919400133DA5 /* Devote_mainApp.swift */; };
		3E386E842939919400133DA5 /* ContentView.swift in Sources */ = {isa = PBXBuildFile; fileRef = 3E386E832939919400133DA5 /* ContentView.swift */; };
		3E386E862939919500133DA5 /* Assets.xcassets in Resources */ = {isa = PBXBuildFile; fileRef = 3E386E852939919500133DA5 /* Assets.xcassets */; };
		3E386E892939919500133DA5 /* Preview Assets.xcassets in Resources */ = {isa = PBXBuildFile; fileRef = 3E386E882939919500133DA5 /* Preview Assets.xcassets */; };
		3E386E8B2939919500133DA5 /* Persistence.swift in Sources */ = {isa = PBXBuildFile; fileRef = 3E386E8A2939919500133DA5 /* Persistence.swift */; };
		3E386E8E2939919500133DA5 /* Devote_main.xcdatamodeld in Sources */ = {isa = PBXBuildFile; fileRef = 3E386E8C2939919500133DA5 /* Devote_main.xcdatamodeld */; };
		3E386E9D2939928600133DA5 /* sound-tap.mp3 in Resources */ = {isa = PBXBuildFile; fileRef = 3E386E9A2939928600133DA5 /* sound-tap.mp3 */; };
		3E386E9E2939928600133DA5 /* sound-ding.mp3 in Resources */ = {isa = PBXBuildFile; fileRef = 3E386E9B2939928600133DA5 /* sound-ding.mp3 */; };
		3E386E9F2939928600133DA5 /* sound-rise.mp3 in Resources */ = {isa = PBXBuildFile; fileRef = 3E386E9C2939928600133DA5 /* sound-rise.mp3 */; };
/* End PBXBuildFile section */

/* Begin PBXFileReference section */
		3E386E7E2939919400133DA5 /* Devote_main.app */ = {isa = PBXFileReference; explicitFileType = wrapper.application; includeInIndex = 0; path = Devote_main.app; sourceTree = BUILT_PRODUCTS_DIR; };
		3E386E812939919400133DA5 /* Devote_mainApp.swift */ = {isa = PBXFileReference; lastKnownFileType = sourcecode.swift; path = Devote_mainApp.swift; sourceTree = "<group>"; };
		3E386E832939919400133DA5 /* ContentView.swift */ = {isa = PBXFileReference; lastKnownFileType = sourcecode.swift; path = ContentView.swift; sourceTree = "<group>"; };
		3E386E852939919500133DA5 /* Assets.xcassets */ = {isa = PBXFileReference; lastKnownFileType = folder.assetcatalog; path = Assets.xcassets; sourceTree = "<group>"; };
		3E386E882939919500133DA5 /* Preview Assets.xcassets */ = {isa = PBXFileReference; lastKnownFileType = folder.assetcatalog; path = "Preview Assets.xcassets"; sourceTree = "<group>"; };
		3E386E8A2939919500133DA5 /* Persistence.swift */ = {isa = PBXFileReference; lastKnownFileType = sourcecode.swift; path = Persistence.swift; sourceTree = "<group>"; };
		3E386E8D2939919500133DA5 /* Devote_main.xcdatamodel */ = {isa = PBXFileReference; lastKnownFileType = wrapper.xcdatamodel; path = Devote_main.xcdatamodel; sourceTree = "<group>"; };
		3E386E9A2939928600133DA5 /* sound-tap.mp3 */ = {isa = PBXFileReference; lastKnownFileType = audio.mp3; path = "sound-tap.mp3"; sourceTree = "<group>"; };
		3E386E9B2939928600133DA5 /* sound-ding.mp3 */ = {isa = PBXFileReference; lastKnownFileType = audio.mp3; path = "sound-ding.mp3"; sourceTree = "<group>"; };
		3E386E9C2939928600133DA5 /* sound-rise.mp3 */ = {isa = PBXFileReference; lastKnownFileType = audio.mp3; path = "sound-rise.mp3"; sourceTree = "<group>"; };
		3E386EA02939929C00133DA5 /* Devote-main-Info.plist */ = {isa = PBXFileReference; lastKnownFileType = text.plist; path = "Devote-main-Info.plist"; sourceTree = SOURCE_ROOT; };
/* End PBXFileReference section */

/* Begin PBXFrameworksBuildPhase section */
		3E386E7B2939919400133DA5 /* Frameworks */ = {
			isa = PBXFrameworksBuildPhase;
			buildActionMask = 2147483647;
			files = (
			);
			runOnlyForDeploymentPostprocessing = 0;
		};
/* End PBXFrameworksBuildPhase section */

/* Begin PBXGroup section */
		3E386E752939919400133DA5 = {
			isa = PBXGroup;
			children = (
				3E386E802939919400133DA5 /* Devote_main */,
				3E386E7F2939919400133DA5 /* Products */,
			);
			sourceTree = "<group>";
		};
		3E386E7F2939919400133DA5 /* Products */ = {
			isa = PBXGroup;
			children = (
				3E386E7E2939919400133DA5 /* Devote_main.app */,
			);
			name = Products;
			sourceTree = "<group>";
		};
		3E386E802939919400133DA5 /* Devote_main */ = {
			isa = PBXGroup;
			children = (
				3E386EA02939929C00133DA5 /* Devote-main-Info.plist */,
				3E386E992939926E00133DA5 /* Style */,
				3E386E982939926400133DA5 /* Sound */,
				3E386E972939925A00133DA5 /* Extension */,
				3E386E962939925400133DA5 /* Utility */,
				3E386E812939919400133DA5 /* Devote_mainApp.swift */,
				3E386E942939923C00133DA5 /* Model */,
				3E386E952939924B00133DA5 /* View */,
				3E386E852939919500133DA5 /* Assets.xcassets */,
				3E386E872939919500133DA5 /* Preview Content */,
			);
			path = Devote_main;
			sourceTree = "<group>";
		};
		3E386E872939919500133DA5 /* Preview Content */ = {
			isa = PBXGroup;
			children = (
				3E386E882939919500133DA5 /* Preview Assets.xcassets */,
			);
			path = "Preview Content";
			sourceTree = "<group>";
		};
		3E386E942939923C00133DA5 /* Model */ = {
			isa = PBXGroup;
			children = (
				3E386E8A2939919500133DA5 /* Persistence.swift */,
				3E386E8C2939919500133DA5 /* Devote_main.xcdatamodeld */,
			);
			path = Model;
			sourceTree = "<group>";
		};
		3E386E952939924B00133DA5 /* View */ = {
			isa = PBXGroup;
			children = (
				3E386E832939919400133DA5 /* ContentView.swift */,
			);
			path = View;
			sourceTree = "<group>";
		};
		3E386E962939925400133DA5 /* Utility */ = {
			isa = PBXGroup;
			children = (
			);
			path = Utility;
			sourceTree = "<group>";
		};
		3E386E972939925A00133DA5 /* Extension */ = {
			isa = PBXGroup;
			children = (
			);
			path = Extension;
			sourceTree = "<group>";
		};
		3E386E982939926400133DA5 /* Sound */ = {
			isa = PBXGroup;
			children = (
				3E386E9B2939928600133DA5 /* sound-ding.mp3 */,
				3E386E9C2939928600133DA5 /* sound-rise.mp3 */,
				3E386E9A2939928600133DA5 /* sound-tap.mp3 */,
			);
			path = Sound;
			sourceTree = "<group>";
		};
		3E386E992939926E00133DA5 /* Style */ = {
			isa = PBXGroup;
			children = (
			);
			path = Style;
			sourceTree = "<group>";
		};
/* End PBXGroup section */

/* Begin PBXNativeTarget section */
		3E386E7D2939919400133DA5 /* Devote_main */ = {
			isa = PBXNativeTarget;
			buildConfigurationList = 3E386E912939919500133DA5 /* Build configuration list for PBXNativeTarget "Devote_main" */;
			buildPhases = (
				3E386E7A2939919400133DA5 /* Sources */,
				3E386E7B2939919400133DA5 /* Frameworks */,
				3E386E7C2939919400133DA5 /* Resources */,
			);
			buildRules = (
			);
			dependencies = (
			);
			name = Devote_main;
			productName = Devote_main;
			productReference = 3E386E7E2939919400133DA5 /* Devote_main.app */;
			productType = "com.apple.product-type.application";
		};
/* End PBXNativeTarget section */

/* Begin PBXProject section */
		3E386E762939919400133DA5 /* Project object */ = {
			isa = PBXProject;
			attributes = {
				BuildIndependentTargetsInParallel = 1;
				LastSwiftUpdateCheck = 1410;
				LastUpgradeCheck = 1410;
				TargetAttributes = {
					3E386E7D2939919400133DA5 = {
						CreatedOnToolsVersion = 14.1;
					};
				};
			};
			buildConfigurationList = 3E386E792939919400133DA5 /* Build configuration list for PBXProject "Devote_main" */;
			compatibilityVersion = "Xcode 14.0";
			developmentRegion = en;
			hasScannedForEncodings = 0;
			knownRegions = (
				en,
				Base,
			);
			mainGroup = 3E386E752939919400133DA5;
			productRefGroup = 3E386E7F2939919400133DA5 /* Products */;
			projectDirPath = "";
			projectRoot = "";
			targets = (
				3E386E7D2939919400133DA5 /* Devote_main */,
			);
		};
/* End PBXProject section */

/* Begin PBXResourcesBuildPhase section */
		3E386E7C2939919400133DA5 /* Resources */ = {
			isa = PBXResourcesBuildPhase;
			buildActionMask = 2147483647;
			files = (
				3E386E9F2939928600133DA5 /* sound-rise.mp3 in Resources */,
				3E386E9E2939928600133DA5 /* sound-ding.mp3 in Resources */,
				3E386E9D2939928600133DA5 /* sound-tap.mp3 in Resources */,
				3E386E892939919500133DA5 /* Preview Assets.xcassets in Resources */,
				3E386E862939919500133DA5 /* Assets.xcassets in Resources */,
			);
			runOnlyForDeploymentPostprocessing = 0;
		};
/* End PBXResourcesBuildPhase section */

/* Begin PBXSourcesBuildPhase section */
		3E386E7A2939919400133DA5 /* Sources */ = {
			isa = PBXSourcesBuildPhase;
			buildActionMask = 2147483647;
			files = (
				3E386E8B2939919500133DA5 /* Persistence.swift in Sources */,
				3E386E842939919400133DA5 /* ContentView.swift in Sources */,
				3E386E822939919400133DA5 /* Devote_mainApp.swift in Sources */,
				3E386E8E2939919500133DA5 /* Devote_main.xcdatamodeld in Sources */,
			);
			runOnlyForDeploymentPostprocessing = 0;
		};
/* End PBXSourcesBuildPhase section */

/* Begin XCBuildConfiguration section */
		3E386E8F2939919500133DA5 /* Debug */ = {
			isa = XCBuildConfiguration;
			buildSettings = {
				ALWAYS_SEARCH_USER_PATHS = NO;
				CLANG_ANALYZER_NONNULL = YES;
				CLANG_ANALYZER_NUMBER_OBJECT_CONVERSION = YES_AGGRESSIVE;
				CLANG_CXX_LANGUAGE_STANDARD = "gnu++20";
				CLANG_ENABLE_MODULES = YES;
				CLANG_ENABLE_OBJC_ARC = YES;
				CLANG_ENABLE_OBJC_WEAK = YES;
				CLANG_WARN_BLOCK_CAPTURE_AUTORELEASING = YES;
				CLANG_WARN_BOOL_CONVERSION = YES;
				CLANG_WARN_COMMA = YES;
				CLANG_WARN_CONSTANT_CONVERSION = YES;
				CLANG_WARN_DEPRECATED_OBJC_IMPLEMENTATIONS = YES;
				CLANG_WARN_DIRECT_OBJC_ISA_USAGE = YES_ERROR;
				CLANG_WARN_DOCUMENTATION_COMMENTS = YES;
				CLANG_WARN_EMPTY_BODY = YES;
				CLANG_WARN_ENUM_CONVERSION = YES;
				CLANG_WARN_INFINITE_RECURSION = YES;
				CLANG_WARN_INT_CONVERSION = YES;
				CLANG_WARN_NON_LITERAL_NULL_CONVERSION = YES;
				CLANG_WARN_OBJC_IMPLICIT_RETAIN_SELF = YES;
				CLANG_WARN_OBJC_LITERAL_CONVERSION = YES;
				CLANG_WARN_OBJC_ROOT_CLASS = YES_ERROR;
				CLANG_WARN_QUOTED_INCLUDE_IN_FRAMEWORK_HEADER = YES;
				CLANG_WARN_RANGE_LOOP_ANALYSIS = YES;
				CLANG_WARN_STRICT_PROTOTYPES = YES;
				CLANG_WARN_SUSPICIOUS_MOVE = YES;
				CLANG_WARN_UNGUARDED_AVAILABILITY = YES_AGGRESSIVE;
				CLANG_WARN_UNREACHABLE_CODE = YES;
				CLANG_WARN__DUPLICATE_METHOD_MATCH = YES;
				COPY_PHASE_STRIP = NO;
				DEBUG_INFORMATION_FORMAT = dwarf;
				ENABLE_STRICT_OBJC_MSGSEND = YES;
				ENABLE_TESTABILITY = YES;
				GCC_C_LANGUAGE_STANDARD = gnu11;
				GCC_DYNAMIC_NO_PIC = NO;
				GCC_NO_COMMON_BLOCKS = YES;
				GCC_OPTIMIZATION_LEVEL = 0;
				GCC_PREPROCESSOR_DEFINITIONS = (
					"DEBUG=1",
					"$(inherited)",
				);
				GCC_WARN_64_TO_32_BIT_CONVERSION = YES;
				GCC_WARN_ABOUT_RETURN_TYPE = YES_ERROR;
				GCC_WARN_UNDECLARED_SELECTOR = YES;
				GCC_WARN_UNINITIALIZED_AUTOS = YES_AGGRESSIVE;
				GCC_WARN_UNUSED_FUNCTION = YES;
				GCC_WARN_UNUSED_VARIABLE = YES;
				IPHONEOS_DEPLOYMENT_TARGET = 16.1;
				MTL_ENABLE_DEBUG_INFO = INCLUDE_SOURCE;
				MTL_FAST_MATH = YES;
				ONLY_ACTIVE_ARCH = YES;
				SDKROOT = iphoneos;
				SWIFT_ACTIVE_COMPILATION_CONDITIONS = DEBUG;
				SWIFT_OPTIMIZATION_LEVEL = "-Onone";
			};
			name = Debug;
		};
		3E386E902939919500133DA5 /* Release */ = {
			isa = XCBuildConfiguration;
			buildSettings = {
				ALWAYS_SEARCH_USER_PATHS = NO;
				CLANG_ANALYZER_NONNULL = YES;
				CLANG_ANALYZER_NUMBER_OBJECT_CONVERSION = YES_AGGRESSIVE;
				CLANG_CXX_LANGUAGE_STANDARD = "gnu++20";
				CLANG_ENABLE_MODULES = YES;
				CLANG_ENABLE_OBJC_ARC = YES;
				CLANG_ENABLE_OBJC_WEAK = YES;
				CLANG_WARN_BLOCK_CAPTURE_AUTORELEASING = YES;
				CLANG_WARN_BOOL_CONVERSION = YES;
				CLANG_WARN_COMMA = YES;
				CLANG_WARN_CONSTANT_CONVERSION = YES;
				CLANG_WARN_DEPRECATED_OBJC_IMPLEMENTATIONS = YES;
				CLANG_WARN_DIRECT_OBJC_ISA_USAGE = YES_ERROR;
				CLANG_WARN_DOCUMENTATION_COMMENTS = YES;
				CLANG_WARN_EMPTY_BODY = YES;
				CLANG_WARN_ENUM_CONVERSION = YES;
				CLANG_WARN_INFINITE_RECURSION = YES;
				CLANG_WARN_INT_CONVERSION = YES;
				CLANG_WARN_NON_LITERAL_NULL_CONVERSION = YES;
				CLANG_WARN_OBJC_IMPLICIT_RETAIN_SELF = YES;
				CLANG_WARN_OBJC_LITERAL_CONVERSION = YES;
				CLANG_WARN_OBJC_ROOT_CLASS = YES_ERROR;
				CLANG_WARN_QUOTED_INCLUDE_IN_FRAMEWORK_HEADER = YES;
				CLANG_WARN_RANGE_LOOP_ANALYSIS = YES;
				CLANG_WARN_STRICT_PROTOTYPES = YES;
				CLANG_WARN_SUSPICIOUS_MOVE = YES;
				CLANG_WARN_UNGUARDED_AVAILABILITY = YES_AGGRESSIVE;
				CLANG_WARN_UNREACHABLE_CODE = YES;
				CLANG_WARN__DUPLICATE_METHOD_MATCH = YES;
				COPY_PHASE_STRIP = NO;
				DEBUG_INFORMATION_FORMAT = "dwarf-with-dsym";
				ENABLE_NS_ASSERTIONS = NO;
				ENABLE_STRICT_OBJC_MSGSEND = YES;
				GCC_C_LANGUAGE_STANDARD = gnu11;
				GCC_NO_COMMON_BLOCKS = YES;
				GCC_WARN_64_TO_32_BIT_CONVERSION = YES;
				GCC_WARN_ABOUT_RETURN_TYPE = YES_ERROR;
				GCC_WARN_UNDECLARED_SELECTOR = YES;
				GCC_WARN_UNINITIALIZED_AUTOS = YES_AGGRESSIVE;
				GCC_WARN_UNUSED_FUNCTION = YES;
				GCC_WARN_UNUSED_VARIABLE = YES;
				IPHONEOS_DEPLOYMENT_TARGET = 16.1;
				MTL_ENABLE_DEBUG_INFO = NO;
				MTL_FAST_MATH = YES;
				SDKROOT = iphoneos;
				SWIFT_COMPILATION_MODE = wholemodule;
				SWIFT_OPTIMIZATION_LEVEL = "-O";
				VALIDATE_PRODUCT = YES;
			};
			name = Release;
		};
		3E386E922939919500133DA5 /* Debug */ = {
			isa = XCBuildConfiguration;
			buildSettings = {
				ASSETCATALOG_COMPILER_APPICON_NAME = AppIcon;
				ASSETCATALOG_COMPILER_GLOBAL_ACCENT_COLOR_NAME = AccentColor;
				CODE_SIGN_STYLE = Automatic;
				CURRENT_PROJECT_VERSION = 1;
				DEVELOPMENT_ASSET_PATHS = "\"Devote_main/Preview Content\"";
				ENABLE_PREVIEWS = YES;
				GENERATE_INFOPLIST_FILE = YES;
				INFOPLIST_FILE = "Devote-main-Info.plist";
				INFOPLIST_KEY_UIApplicationSceneManifest_Generation = YES;
				INFOPLIST_KEY_UIApplicationSupportsIndirectInputEvents = YES;
				INFOPLIST_KEY_UISupportedInterfaceOrientations = UIInterfaceOrientationPortrait;
				LD_RUNPATH_SEARCH_PATHS = (
					"$(inherited)",
					"@executable_path/Frameworks",
				);
				MARKETING_VERSION = 1.0;
				PRODUCT_BUNDLE_IDENTIFIER = "com.mena.Devote-main";
				PRODUCT_NAME = "$(TARGET_NAME)";
				SWIFT_EMIT_LOC_STRINGS = YES;
				SWIFT_VERSION = 5.0;
				TARGETED_DEVICE_FAMILY = "1,2";
			};
			name = Debug;
		};
		3E386E932939919500133DA5 /* Release */ = {
			isa = XCBuildConfiguration;
			buildSettings = {
				ASSETCATALOG_COMPILER_APPICON_NAME = AppIcon;
				ASSETCATALOG_COMPILER_GLOBAL_ACCENT_COLOR_NAME = AccentColor;
				CODE_SIGN_STYLE = Automatic;
				CURRENT_PROJECT_VERSION = 1;
				DEVELOPMENT_ASSET_PATHS = "\"Devote_main/Preview Content\"";
				ENABLE_PREVIEWS = YES;
				GENERATE_INFOPLIST_FILE = YES;
				INFOPLIST_FILE = "Devote-main-Info.plist";
				INFOPLIST_KEY_UIApplicationSceneManifest_Generation = YES;
				INFOPLIST_KEY_UIApplicationSupportsIndirectInputEvents = YES;
				INFOPLIST_KEY_UISupportedInterfaceOrientations = UIInterfaceOrientationPortrait;
				LD_RUNPATH_SEARCH_PATHS = (
					"$(inherited)",
					"@executable_path/Frameworks",
				);
				MARKETING_VERSION = 1.0;
				PRODUCT_BUNDLE_IDENTIFIER = "com.mena.Devote-main";
				PRODUCT_NAME = "$(TARGET_NAME)";
				SWIFT_EMIT_LOC_STRINGS = YES;
				SWIFT_VERSION = 5.0;
				TARGETED_DEVICE_FAMILY = "1,2";
			};
			name = Release;
		};
/* End XCBuildConfiguration section */

/* Begin XCConfigurationList section */
		3E386E792939919400133DA5 /* Build configuration list for PBXProject "Devote_main" */ = {
			isa = XCConfigurationList;
			buildConfigurations = (
				3E386E8F2939919500133DA5 /* Debug */,
				3E386E902939919500133DA5 /* Release */,
			);
			defaultConfigurationIsVisible = 0;
			defaultConfigurationName = Release;
		};
		3E386E912939919500133DA5 /* Build configuration list for PBXNativeTarget "Devote_main" */ = {
			isa = XCConfigurationList;
			buildConfigurations = (
				3E386E922939919500133DA5 /* Debug */,
				3E386E932939919500133DA5 /* Release */,
			);
			defaultConfigurationIsVisible = 0;
			defaultConfigurationName = Release;
		};
/* End XCConfigurationList section */

/* Begin XCVersionGroup section */
		3E386E8C2939919500133DA5 /* Devote_main.xcdatamodeld */ = {
			isa = XCVersionGroup;
			children = (
				3E386E8D2939919500133DA5 /* Devote_main.xcdatamodel */,
			);
			currentVersion = 3E386E8D2939919500133DA5 /* Devote_main.xcdatamodel */;
			path = Devote_main.xcdatamodeld;
			sourceTree = "<group>";
			versionGroupType = wrapper.xcdatamodel;
		};
/* End XCVersionGroup section */
	};
	rootObject = 3E386E762939919400133DA5 /* Project object */;
}
